
Microsoft Visual Studio Solution File, Format Version 12.00
# Visual Studio Version 16
VisualStudioVersion = 16.0.31025.194
MinimumVisualStudioVersion = 10.0.40219.1
Project("{FAE04EC0-301F-11D3-BF4B-00C04F79EFBC}") = "AdventOfCode2021", "AdventOfCode2021\AdventOfCode2021.csproj", "{A369D7E7-8A9E-45E3-9906-9E163BED23DF}"
EndProject
Global
	GlobalSection(SolutionConfigurationPlatforms) = preSolution
		Debug|Any CPU = Debug|Any CPU
		Release|Any CPU = Release|Any CPU
	EndGlobalSection
	GlobalSection(ProjectConfigurationPlatforms) = postSolution
		{A369D7E7-8A9E-45E3-9906-9E163BED23DF}.Debug|Any CPU.ActiveCfg = Debug|Any CPU
		{A369D7E7-8A9E-45E3-9906-9E163BED23DF}.Debug|Any CPU.Build.0 = Debug|Any CPU
		{A369D7E7-8A9E-45E3-9906-9E163BED23DF}.Release|Any CPU.ActiveCfg = Release|Any CPU
		{A369D7E7-8A9E-45E3-9906-9E163BED23DF}.Release|Any CPU.Build.0 = Release|Any CPU
	EndGlobalSection
	GlobalSection(SolutionProperties) = preSolution
		HideSolutionNode = FALSE
	EndGlobalSection
	GlobalSection(ExtensibilityGlobals) = postSolution
		SolutionGuid = {9195EAC6-AEC5-4128-9BE5-6378259BF0D3}
	EndGlobalSection
EndGlobal
